// !$*UTF8*$!
{
	archiveVersion = 1;
	classes = {
	};
	objectVersion = 48;
	objects = {

/* Begin PBXBuildFile section */
		32AB5E165D2E75E90AB538C7 /* ChatsInteractorProtocols.swift in Sources */ = {isa = PBXBuildFile; fileRef = 443AE8C408FA1E5466726FCF /* ChatsInteractorProtocols.swift */; };
		3A8ED2ACD364958A51622077 /* ChatsInteractor.swift in Sources */ = {isa = PBXBuildFile; fileRef = 202834920212D0E656F8D07B /* ChatsInteractor.swift */; };
		4FCC0F86376A7761851BDBF4 /* Pods_MessengerViper.framework in Frameworks */ = {isa = PBXBuildFile; fileRef = 0AFC9B7BBA3B13190FCA9DF3 /* Pods_MessengerViper.framework */; };
		5DE84816920983E20458D34B /* ChatsViewProtocols.swift in Sources */ = {isa = PBXBuildFile; fileRef = EFB657F54CE124B081056916 /* ChatsViewProtocols.swift */; };
		60614C1021CE6AB100549531 /* AppDelegate.swift in Sources */ = {isa = PBXBuildFile; fileRef = 60614C0F21CE6AB100549531 /* AppDelegate.swift */; };
		60614C1721CE6AB200549531 /* Assets.xcassets in Resources */ = {isa = PBXBuildFile; fileRef = 60614C1621CE6AB200549531 /* Assets.xcassets */; };
		60614C1A21CE6AB200549531 /* LaunchScreen.storyboard in Resources */ = {isa = PBXBuildFile; fileRef = 60614C1821CE6AB200549531 /* LaunchScreen.storyboard */; };
		60614C2521CE6AB200549531 /* MessengerViperTests.swift in Sources */ = {isa = PBXBuildFile; fileRef = 60614C2421CE6AB200549531 /* MessengerViperTests.swift */; };
		60614C3021CE6AB200549531 /* MessengerViperUITests.swift in Sources */ = {isa = PBXBuildFile; fileRef = 60614C2F21CE6AB200549531 /* MessengerViperUITests.swift */; };
		60614C4221CE6CA900549531 /* Application.swift in Sources */ = {isa = PBXBuildFile; fileRef = 60614C4121CE6CA900549531 /* Application.swift */; };
		60614C4621CE6E6D00549531 /* ModulesCoordinator.swift in Sources */ = {isa = PBXBuildFile; fileRef = 60614C4521CE6E6D00549531 /* ModulesCoordinator.swift */; };
		60614C4E21CE707900549531 /* DialogsAssembly.swift in Sources */ = {isa = PBXBuildFile; fileRef = 60614C4D21CE707900549531 /* DialogsAssembly.swift */; };
		60614C5021CE709800549531 /* DialogsRouter.swift in Sources */ = {isa = PBXBuildFile; fileRef = 60614C4F21CE709800549531 /* DialogsRouter.swift */; };
		60614C5221CE70A800549531 /* DialogsPresenter.swift in Sources */ = {isa = PBXBuildFile; fileRef = 60614C5121CE70A800549531 /* DialogsPresenter.swift */; };
		60614C5421CE70B000549531 /* DialogsInteractor.swift in Sources */ = {isa = PBXBuildFile; fileRef = 60614C5321CE70B000549531 /* DialogsInteractor.swift */; };
		60614C5721CE70E800549531 /* DialogsStoryboard.storyboard in Resources */ = {isa = PBXBuildFile; fileRef = 60614C5621CE70E800549531 /* DialogsStoryboard.storyboard */; };
		60614C5921CE711700549531 /* DialogsViewController.swift in Sources */ = {isa = PBXBuildFile; fileRef = 60614C5821CE711700549531 /* DialogsViewController.swift */; };
		60614C5B21CE735C00549531 /* DialogsInteractorProtocols.swift in Sources */ = {isa = PBXBuildFile; fileRef = 60614C5A21CE735C00549531 /* DialogsInteractorProtocols.swift */; };
		60614C5D21CE744C00549531 /* Dialog.swift in Sources */ = {isa = PBXBuildFile; fileRef = 60614C5C21CE744C00549531 /* Dialog.swift */; };
		60614C5F21CE748600549531 /* DialogsPresenterProtocols.swift in Sources */ = {isa = PBXBuildFile; fileRef = 60614C5E21CE748600549531 /* DialogsPresenterProtocols.swift */; };
		60614C6221CE753D00549531 /* DialogsViewProtocols.swift in Sources */ = {isa = PBXBuildFile; fileRef = 60614C6121CE753D00549531 /* DialogsViewProtocols.swift */; };
		60614C6421CE912300549531 /* WeatherResponse.swift in Sources */ = {isa = PBXBuildFile; fileRef = 60614C6321CE912300549531 /* WeatherResponse.swift */; };
		71D08B9CE944B918E2004CFA /* ChatsViewController.swift in Sources */ = {isa = PBXBuildFile; fileRef = 15716663AC9D0EF38815C96D /* ChatsViewController.swift */; };
		8836B0D357E9F0E7FEB56582 /* ChatsAssembly.swift in Sources */ = {isa = PBXBuildFile; fileRef = C7AAF91E7961336689BBF12D /* ChatsAssembly.swift */; };
		8BABC0685225407613C62F0E /* ChatsPresenter.swift in Sources */ = {isa = PBXBuildFile; fileRef = 5A949B0E12B79E3589DB4DAA /* ChatsPresenter.swift */; };
		BA779DDBA8EBAFF50E00EDB4 /* ChatsRouter.swift in Sources */ = {isa = PBXBuildFile; fileRef = 70CE563AB7DBD746365DEB8B /* ChatsRouter.swift */; };
		DA0A30B1DB9001E8FE215045 /* ChatsPresenterProtocols.swift in Sources */ = {isa = PBXBuildFile; fileRef = 2BD6FA79317587B7F98C2969 /* ChatsPresenterProtocols.swift */; };
/* End PBXBuildFile section */

/* Begin PBXContainerItemProxy section */
		60614C2121CE6AB200549531 /* PBXContainerItemProxy */ = {
			isa = PBXContainerItemProxy;
			containerPortal = 60614C0421CE6AB100549531 /* Project object */;
			proxyType = 1;
			remoteGlobalIDString = 60614C0B21CE6AB100549531;
			remoteInfo = MessengerViper;
		};
		60614C2C21CE6AB200549531 /* PBXContainerItemProxy */ = {
			isa = PBXContainerItemProxy;
			containerPortal = 60614C0421CE6AB100549531 /* Project object */;
			proxyType = 1;
			remoteGlobalIDString = 60614C0B21CE6AB100549531;
			remoteInfo = MessengerViper;
		};
/* End PBXContainerItemProxy section */

/* Begin PBXFileReference section */
		0AFC9B7BBA3B13190FCA9DF3 /* Pods_MessengerViper.framework */ = {isa = PBXFileReference; explicitFileType = wrapper.framework; includeInIndex = 0; path = Pods_MessengerViper.framework; sourceTree = BUILT_PRODUCTS_DIR; };
		15716663AC9D0EF38815C96D /* ChatsViewController.swift */ = {isa = PBXFileReference; includeInIndex = 1; lastKnownFileType = sourcecode.swift; path = ChatsViewController.swift; sourceTree = "<group>"; };
		202834920212D0E656F8D07B /* ChatsInteractor.swift */ = {isa = PBXFileReference; includeInIndex = 1; lastKnownFileType = sourcecode.swift; path = ChatsInteractor.swift; sourceTree = "<group>"; };
		2BD6FA79317587B7F98C2969 /* ChatsPresenterProtocols.swift */ = {isa = PBXFileReference; includeInIndex = 1; lastKnownFileType = sourcecode.swift; path = ChatsPresenterProtocols.swift; sourceTree = "<group>"; };
		443AE8C408FA1E5466726FCF /* ChatsInteractorProtocols.swift */ = {isa = PBXFileReference; includeInIndex = 1; lastKnownFileType = sourcecode.swift; path = ChatsInteractorProtocols.swift; sourceTree = "<group>"; };
		562C8ED82E75CE2D8B2107B5 /* Pods-MessengerViper.release.xcconfig */ = {isa = PBXFileReference; includeInIndex = 1; lastKnownFileType = text.xcconfig; name = "Pods-MessengerViper.release.xcconfig"; path = "Pods/Target Support Files/Pods-MessengerViper/Pods-MessengerViper.release.xcconfig"; sourceTree = "<group>"; };
		5A949B0E12B79E3589DB4DAA /* ChatsPresenter.swift */ = {isa = PBXFileReference; includeInIndex = 1; lastKnownFileType = sourcecode.swift; path = ChatsPresenter.swift; sourceTree = "<group>"; };
		60614C0C21CE6AB100549531 /* MessengerViper.app */ = {isa = PBXFileReference; explicitFileType = wrapper.application; includeInIndex = 0; path = MessengerViper.app; sourceTree = BUILT_PRODUCTS_DIR; };
		60614C0F21CE6AB100549531 /* AppDelegate.swift */ = {isa = PBXFileReference; lastKnownFileType = sourcecode.swift; path = AppDelegate.swift; sourceTree = "<group>"; };
		60614C1621CE6AB200549531 /* Assets.xcassets */ = {isa = PBXFileReference; lastKnownFileType = folder.assetcatalog; path = Assets.xcassets; sourceTree = "<group>"; };
		60614C1921CE6AB200549531 /* Base */ = {isa = PBXFileReference; lastKnownFileType = file.storyboard; name = Base; path = Base.lproj/LaunchScreen.storyboard; sourceTree = "<group>"; };
		60614C1B21CE6AB200549531 /* Info.plist */ = {isa = PBXFileReference; lastKnownFileType = text.plist.xml; path = Info.plist; sourceTree = "<group>"; };
		60614C2021CE6AB200549531 /* MessengerViperTests.xctest */ = {isa = PBXFileReference; explicitFileType = wrapper.cfbundle; includeInIndex = 0; path = MessengerViperTests.xctest; sourceTree = BUILT_PRODUCTS_DIR; };
		60614C2421CE6AB200549531 /* MessengerViperTests.swift */ = {isa = PBXFileReference; lastKnownFileType = sourcecode.swift; path = MessengerViperTests.swift; sourceTree = "<group>"; };
		60614C2621CE6AB200549531 /* Info.plist */ = {isa = PBXFileReference; lastKnownFileType = text.plist.xml; path = Info.plist; sourceTree = "<group>"; };
		60614C2B21CE6AB200549531 /* MessengerViperUITests.xctest */ = {isa = PBXFileReference; explicitFileType = wrapper.cfbundle; includeInIndex = 0; path = MessengerViperUITests.xctest; sourceTree = BUILT_PRODUCTS_DIR; };
		60614C2F21CE6AB200549531 /* MessengerViperUITests.swift */ = {isa = PBXFileReference; lastKnownFileType = sourcecode.swift; path = MessengerViperUITests.swift; sourceTree = "<group>"; };
		60614C3121CE6AB200549531 /* Info.plist */ = {isa = PBXFileReference; lastKnownFileType = text.plist.xml; path = Info.plist; sourceTree = "<group>"; };
		60614C4121CE6CA900549531 /* Application.swift */ = {isa = PBXFileReference; lastKnownFileType = sourcecode.swift; path = Application.swift; sourceTree = "<group>"; };
		60614C4521CE6E6D00549531 /* ModulesCoordinator.swift */ = {isa = PBXFileReference; lastKnownFileType = sourcecode.swift; path = ModulesCoordinator.swift; sourceTree = "<group>"; };
		60614C4D21CE707900549531 /* DialogsAssembly.swift */ = {isa = PBXFileReference; lastKnownFileType = sourcecode.swift; path = DialogsAssembly.swift; sourceTree = "<group>"; };
		60614C4F21CE709800549531 /* DialogsRouter.swift */ = {isa = PBXFileReference; lastKnownFileType = sourcecode.swift; path = DialogsRouter.swift; sourceTree = "<group>"; };
		60614C5121CE70A800549531 /* DialogsPresenter.swift */ = {isa = PBXFileReference; lastKnownFileType = sourcecode.swift; path = DialogsPresenter.swift; sourceTree = "<group>"; };
		60614C5321CE70B000549531 /* DialogsInteractor.swift */ = {isa = PBXFileReference; lastKnownFileType = sourcecode.swift; path = DialogsInteractor.swift; sourceTree = "<group>"; };
		60614C5621CE70E800549531 /* DialogsStoryboard.storyboard */ = {isa = PBXFileReference; lastKnownFileType = file.storyboard; path = DialogsStoryboard.storyboard; sourceTree = "<group>"; };
		60614C5821CE711700549531 /* DialogsViewController.swift */ = {isa = PBXFileReference; lastKnownFileType = sourcecode.swift; path = DialogsViewController.swift; sourceTree = "<group>"; };
		60614C5A21CE735C00549531 /* DialogsInteractorProtocols.swift */ = {isa = PBXFileReference; lastKnownFileType = sourcecode.swift; path = DialogsInteractorProtocols.swift; sourceTree = "<group>"; };
		60614C5C21CE744C00549531 /* Dialog.swift */ = {isa = PBXFileReference; lastKnownFileType = sourcecode.swift; path = Dialog.swift; sourceTree = "<group>"; };
		60614C5E21CE748600549531 /* DialogsPresenterProtocols.swift */ = {isa = PBXFileReference; lastKnownFileType = sourcecode.swift; path = DialogsPresenterProtocols.swift; sourceTree = "<group>"; };
		60614C6121CE753D00549531 /* DialogsViewProtocols.swift */ = {isa = PBXFileReference; lastKnownFileType = sourcecode.swift; path = DialogsViewProtocols.swift; sourceTree = "<group>"; };
		60614C6321CE912300549531 /* WeatherResponse.swift */ = {isa = PBXFileReference; lastKnownFileType = sourcecode.swift; path = WeatherResponse.swift; sourceTree = "<group>"; };
		70CE563AB7DBD746365DEB8B /* ChatsRouter.swift */ = {isa = PBXFileReference; includeInIndex = 1; lastKnownFileType = sourcecode.swift; path = ChatsRouter.swift; sourceTree = "<group>"; };
		C7AAF91E7961336689BBF12D /* ChatsAssembly.swift */ = {isa = PBXFileReference; includeInIndex = 1; lastKnownFileType = sourcecode.swift; path = ChatsAssembly.swift; sourceTree = "<group>"; };
		D0A54FFDC18288DB3FADEA88 /* Pods-MessengerViper.debug.xcconfig */ = {isa = PBXFileReference; includeInIndex = 1; lastKnownFileType = text.xcconfig; name = "Pods-MessengerViper.debug.xcconfig"; path = "Pods/Target Support Files/Pods-MessengerViper/Pods-MessengerViper.debug.xcconfig"; sourceTree = "<group>"; };
		EFB657F54CE124B081056916 /* ChatsViewProtocols.swift */ = {isa = PBXFileReference; includeInIndex = 1; lastKnownFileType = sourcecode.swift; path = ChatsViewProtocols.swift; sourceTree = "<group>"; };
/* End PBXFileReference section */

/* Begin PBXFrameworksBuildPhase section */
		60614C0921CE6AB100549531 /* Frameworks */ = {
			isa = PBXFrameworksBuildPhase;
			buildActionMask = 2147483647;
			files = (
				4FCC0F86376A7761851BDBF4 /* Pods_MessengerViper.framework in Frameworks */,
			);
			runOnlyForDeploymentPostprocessing = 0;
		};
		60614C1D21CE6AB200549531 /* Frameworks */ = {
			isa = PBXFrameworksBuildPhase;
			buildActionMask = 2147483647;
			files = (
			);
			runOnlyForDeploymentPostprocessing = 0;
		};
		60614C2821CE6AB200549531 /* Frameworks */ = {
			isa = PBXFrameworksBuildPhase;
			buildActionMask = 2147483647;
			files = (
			);
			runOnlyForDeploymentPostprocessing = 0;
		};
/* End PBXFrameworksBuildPhase section */

/* Begin PBXGroup section */
		0760CFD568EC0D8DDC36DDE2 /* Pods */ = {
			isa = PBXGroup;
			children = (
				D0A54FFDC18288DB3FADEA88 /* Pods-MessengerViper.debug.xcconfig */,
				562C8ED82E75CE2D8B2107B5 /* Pods-MessengerViper.release.xcconfig */,
			);
			name = Pods;
			sourceTree = "<group>";
		};
		0A62A6B386924A98E62FA801 /* Router */ = {
			isa = PBXGroup;
			children = (
				70CE563AB7DBD746365DEB8B /* ChatsRouter.swift */,
			);
			name = Router;
			path = Router;
			sourceTree = "<group>";
		};
		2802CEBAF47DE928426B8C2D /* Frameworks */ = {
			isa = PBXGroup;
			children = (
				0AFC9B7BBA3B13190FCA9DF3 /* Pods_MessengerViper.framework */,
			);
			name = Frameworks;
			sourceTree = "<group>";
		};
		60614C0321CE6AB100549531 = {
			isa = PBXGroup;
			children = (
				60614C0E21CE6AB100549531 /* MessengerViper */,
				60614C2321CE6AB200549531 /* MessengerViperTests */,
				60614C2E21CE6AB200549531 /* MessengerViperUITests */,
				60614C0D21CE6AB100549531 /* Products */,
				0760CFD568EC0D8DDC36DDE2 /* Pods */,
				2802CEBAF47DE928426B8C2D /* Frameworks */,
			);
			sourceTree = "<group>";
		};
		60614C0D21CE6AB100549531 /* Products */ = {
			isa = PBXGroup;
			children = (
				60614C0C21CE6AB100549531 /* MessengerViper.app */,
				60614C2021CE6AB200549531 /* MessengerViperTests.xctest */,
				60614C2B21CE6AB200549531 /* MessengerViperUITests.xctest */,
			);
			name = Products;
			sourceTree = "<group>";
		};
		60614C0E21CE6AB100549531 /* MessengerViper */ = {
			isa = PBXGroup;
			children = (
				60614C3D21CE6C5400549531 /* App */,
				60614C4021CE6C7F00549531 /* Services */,
				60614C3F21CE6C6D00549531 /* Modules */,
				60614C3E21CE6C5800549531 /* Resources */,
				60614C1B21CE6AB200549531 /* Info.plist */,
			);
			path = MessengerViper;
			sourceTree = "<group>";
		};
		60614C2321CE6AB200549531 /* MessengerViperTests */ = {
			isa = PBXGroup;
			children = (
				60614C2421CE6AB200549531 /* MessengerViperTests.swift */,
				60614C2621CE6AB200549531 /* Info.plist */,
			);
			path = MessengerViperTests;
			sourceTree = "<group>";
		};
		60614C2E21CE6AB200549531 /* MessengerViperUITests */ = {
			isa = PBXGroup;
			children = (
				60614C2F21CE6AB200549531 /* MessengerViperUITests.swift */,
				60614C3121CE6AB200549531 /* Info.plist */,
			);
			path = MessengerViperUITests;
			sourceTree = "<group>";
		};
		60614C3D21CE6C5400549531 /* App */ = {
			isa = PBXGroup;
			children = (
				60614C0F21CE6AB100549531 /* AppDelegate.swift */,
				60614C4121CE6CA900549531 /* Application.swift */,
			);
			path = App;
			sourceTree = "<group>";
		};
		60614C3E21CE6C5800549531 /* Resources */ = {
			isa = PBXGroup;
			children = (
				60614C1621CE6AB200549531 /* Assets.xcassets */,
				60614C1821CE6AB200549531 /* LaunchScreen.storyboard */,
			);
			path = Resources;
			sourceTree = "<group>";
		};
		60614C3F21CE6C6D00549531 /* Modules */ = {
			isa = PBXGroup;
			children = (
				60614C4421CE6E5F00549531 /* Modules Coordinator */,
				60614C4321CE6E3700549531 /* Dialogs */,
				D7538D9D82D2B254E16C6720 /* Chats */,
			);
			path = Modules;
			sourceTree = "<group>";
		};
		60614C4021CE6C7F00549531 /* Services */ = {
			isa = PBXGroup;
			children = (
			);
			path = Services;
			sourceTree = "<group>";
		};
		60614C4321CE6E3700549531 /* Dialogs */ = {
			isa = PBXGroup;
			children = (
				60614C4C21CE6FBF00549531 /* Assembly */,
				60614C4B21CE6FB600549531 /* Router */,
				60614C4A21CE6FA600549531 /* Entity */,
				60614C4921CE6F9E00549531 /* Presenter */,
				60614C4821CE6F9500549531 /* Interactor */,
				60614C4721CE6F9100549531 /* View */,
			);
			path = Dialogs;
			sourceTree = "<group>";
		};
		60614C4421CE6E5F00549531 /* Modules Coordinator */ = {
			isa = PBXGroup;
			children = (
				60614C4521CE6E6D00549531 /* ModulesCoordinator.swift */,
			);
			path = "Modules Coordinator";
			sourceTree = "<group>";
		};
		60614C4721CE6F9100549531 /* View */ = {
			isa = PBXGroup;
			children = (
				60614C6021CE752D00549531 /* Protocols */,
				60614C5521CE70D200549531 /* ViewController */,
			);
			path = View;
			sourceTree = "<group>";
		};
		60614C4821CE6F9500549531 /* Interactor */ = {
			isa = PBXGroup;
			children = (
				60614C5321CE70B000549531 /* DialogsInteractor.swift */,
				60614C5A21CE735C00549531 /* DialogsInteractorProtocols.swift */,
			);
			path = Interactor;
			sourceTree = "<group>";
		};
		60614C4921CE6F9E00549531 /* Presenter */ = {
			isa = PBXGroup;
			children = (
				60614C5121CE70A800549531 /* DialogsPresenter.swift */,
				60614C5E21CE748600549531 /* DialogsPresenterProtocols.swift */,
			);
			path = Presenter;
			sourceTree = "<group>";
		};
		60614C4A21CE6FA600549531 /* Entity */ = {
			isa = PBXGroup;
			children = (
				60614C5C21CE744C00549531 /* Dialog.swift */,
				60614C6321CE912300549531 /* WeatherResponse.swift */,
			);
			path = Entity;
			sourceTree = "<group>";
		};
		60614C4B21CE6FB600549531 /* Router */ = {
			isa = PBXGroup;
			children = (
				60614C4F21CE709800549531 /* DialogsRouter.swift */,
			);
			path = Router;
			sourceTree = "<group>";
		};
		60614C4C21CE6FBF00549531 /* Assembly */ = {
			isa = PBXGroup;
			children = (
				60614C4D21CE707900549531 /* DialogsAssembly.swift */,
			);
			path = Assembly;
			sourceTree = "<group>";
		};
		60614C5521CE70D200549531 /* ViewController */ = {
			isa = PBXGroup;
			children = (
				60614C5621CE70E800549531 /* DialogsStoryboard.storyboard */,
				60614C5821CE711700549531 /* DialogsViewController.swift */,
			);
			path = ViewController;
			sourceTree = "<group>";
		};
		60614C6021CE752D00549531 /* Protocols */ = {
			isa = PBXGroup;
			children = (
				60614C6121CE753D00549531 /* DialogsViewProtocols.swift */,
			);
			path = Protocols;
			sourceTree = "<group>";
		};
		63A297D548AED45B5E5E94FD /* Interactor */ = {
			isa = PBXGroup;
			children = (
				202834920212D0E656F8D07B /* ChatsInteractor.swift */,
				443AE8C408FA1E5466726FCF /* ChatsInteractorProtocols.swift */,
			);
			name = Interactor;
			path = Interactor;
			sourceTree = "<group>";
		};
		67E2233CB47101813C1F6551 /* ViewController */ = {
			isa = PBXGroup;
			children = (
				15716663AC9D0EF38815C96D /* ChatsViewController.swift */,
			);
			name = ViewController;
			path = ViewController;
			sourceTree = "<group>";
		};
		74464AB6D64AA1CAB713B68D /* Protocols */ = {
			isa = PBXGroup;
			children = (
				EFB657F54CE124B081056916 /* ChatsViewProtocols.swift */,
			);
			name = Protocols;
			path = Protocols;
			sourceTree = "<group>";
		};
		7B44E3F3F225A5856D2A6822 /* View */ = {
			isa = PBXGroup;
			children = (
				74464AB6D64AA1CAB713B68D /* Protocols */,
				67E2233CB47101813C1F6551 /* ViewController */,
			);
			name = View;
			path = View;
			sourceTree = "<group>";
		};
		B1C969603CDC6C23F9A94C4A /* Presenter */ = {
			isa = PBXGroup;
			children = (
				5A949B0E12B79E3589DB4DAA /* ChatsPresenter.swift */,
				2BD6FA79317587B7F98C2969 /* ChatsPresenterProtocols.swift */,
			);
			name = Presenter;
			path = Presenter;
			sourceTree = "<group>";
		};
		D7538D9D82D2B254E16C6720 /* Chats */ = {
			isa = PBXGroup;
			children = (
				D9DAFF41B3B7BA26710E096D /* Assembly */,
				63A297D548AED45B5E5E94FD /* Interactor */,
				B1C969603CDC6C23F9A94C4A /* Presenter */,
				0A62A6B386924A98E62FA801 /* Router */,
				7B44E3F3F225A5856D2A6822 /* View */,
			);
			name = Chats;
			path = Chats;
			sourceTree = "<group>";
		};
		D9DAFF41B3B7BA26710E096D /* Assembly */ = {
			isa = PBXGroup;
			children = (
				C7AAF91E7961336689BBF12D /* ChatsAssembly.swift */,
			);
			name = Assembly;
			path = Assembly;
			sourceTree = "<group>";
		};
/* End PBXGroup section */

/* Begin PBXNativeTarget section */
		60614C0B21CE6AB100549531 /* MessengerViper */ = {
			isa = PBXNativeTarget;
			buildConfigurationList = 60614C3421CE6AB200549531 /* Build configuration list for PBXNativeTarget "MessengerViper" */;
			buildPhases = (
				E140876FA028549591A0C0B9 /* [CP] Check Pods Manifest.lock */,
				60614C0821CE6AB100549531 /* Sources */,
				60614C0921CE6AB100549531 /* Frameworks */,
				60614C0A21CE6AB100549531 /* Resources */,
				51849E48A034F50E99116ABF /* [CP] Embed Pods Frameworks */,
			);
			buildRules = (
			);
			dependencies = (
			);
			name = MessengerViper;
			productName = MessengerViper;
			productReference = 60614C0C21CE6AB100549531 /* MessengerViper.app */;
			productType = "com.apple.product-type.application";
		};
		60614C1F21CE6AB200549531 /* MessengerViperTests */ = {
			isa = PBXNativeTarget;
			buildConfigurationList = 60614C3721CE6AB200549531 /* Build configuration list for PBXNativeTarget "MessengerViperTests" */;
			buildPhases = (
				60614C1C21CE6AB200549531 /* Sources */,
				60614C1D21CE6AB200549531 /* Frameworks */,
				60614C1E21CE6AB200549531 /* Resources */,
			);
			buildRules = (
			);
			dependencies = (
				60614C2221CE6AB200549531 /* PBXTargetDependency */,
			);
			name = MessengerViperTests;
			productName = MessengerViperTests;
			productReference = 60614C2021CE6AB200549531 /* MessengerViperTests.xctest */;
			productType = "com.apple.product-type.bundle.unit-test";
		};
		60614C2A21CE6AB200549531 /* MessengerViperUITests */ = {
			isa = PBXNativeTarget;
			buildConfigurationList = 60614C3A21CE6AB200549531 /* Build configuration list for PBXNativeTarget "MessengerViperUITests" */;
			buildPhases = (
				60614C2721CE6AB200549531 /* Sources */,
				60614C2821CE6AB200549531 /* Frameworks */,
				60614C2921CE6AB200549531 /* Resources */,
			);
			buildRules = (
			);
			dependencies = (
				60614C2D21CE6AB200549531 /* PBXTargetDependency */,
			);
			name = MessengerViperUITests;
			productName = MessengerViperUITests;
			productReference = 60614C2B21CE6AB200549531 /* MessengerViperUITests.xctest */;
			productType = "com.apple.product-type.bundle.ui-testing";
		};
/* End PBXNativeTarget section */

/* Begin PBXProject section */
		60614C0421CE6AB100549531 /* Project object */ = {
			isa = PBXProject;
			attributes = {
				LastSwiftUpdateCheck = 1010;
				LastUpgradeCheck = 1010;
				ORGANIZATIONNAME = "Рабочий";
				TargetAttributes = {
					60614C0B21CE6AB100549531 = {
						CreatedOnToolsVersion = 10.1;
						ProvisioningStyle = Automatic;
					};
					60614C1F21CE6AB200549531 = {
						CreatedOnToolsVersion = 10.1;
						ProvisioningStyle = Automatic;
						TestTargetID = 60614C0B21CE6AB100549531;
					};
					60614C2A21CE6AB200549531 = {
						CreatedOnToolsVersion = 10.1;
						ProvisioningStyle = Automatic;
						TestTargetID = 60614C0B21CE6AB100549531;
					};
				};
			};
			buildConfigurationList = 60614C0721CE6AB100549531 /* Build configuration list for PBXProject "MessengerViper" */;
			compatibilityVersion = "Xcode 8.0";
			developmentRegion = en;
			hasScannedForEncodings = 0;
			knownRegions = (
				en,
				Base,
			);
			mainGroup = 60614C0321CE6AB100549531;
			productRefGroup = 60614C0D21CE6AB100549531 /* Products */;
			projectDirPath = "";
			projectRoot = "";
			targets = (
				60614C0B21CE6AB100549531 /* MessengerViper */,
				60614C1F21CE6AB200549531 /* MessengerViperTests */,
				60614C2A21CE6AB200549531 /* MessengerViperUITests */,
			);
		};
/* End PBXProject section */

/* Begin PBXResourcesBuildPhase section */
		60614C0A21CE6AB100549531 /* Resources */ = {
			isa = PBXResourcesBuildPhase;
			buildActionMask = 2147483647;
			files = (
				60614C1A21CE6AB200549531 /* LaunchScreen.storyboard in Resources */,
				60614C5721CE70E800549531 /* DialogsStoryboard.storyboard in Resources */,
				60614C1721CE6AB200549531 /* Assets.xcassets in Resources */,
			);
			runOnlyForDeploymentPostprocessing = 0;
		};
		60614C1E21CE6AB200549531 /* Resources */ = {
			isa = PBXResourcesBuildPhase;
			buildActionMask = 2147483647;
			files = (
			);
			runOnlyForDeploymentPostprocessing = 0;
		};
		60614C2921CE6AB200549531 /* Resources */ = {
			isa = PBXResourcesBuildPhase;
			buildActionMask = 2147483647;
			files = (
			);
			runOnlyForDeploymentPostprocessing = 0;
		};
/* End PBXResourcesBuildPhase section */

/* Begin PBXShellScriptBuildPhase section */
		51849E48A034F50E99116ABF /* [CP] Embed Pods Frameworks */ = {
			isa = PBXShellScriptBuildPhase;
			buildActionMask = 2147483647;
			files = (
			);
			inputPaths = (
				"${SRCROOT}/Pods/Target Support Files/Pods-MessengerViper/Pods-MessengerViper-frameworks.sh",
				"${BUILT_PRODUCTS_DIR}/Fakery/Fakery.framework",
				"${BUILT_PRODUCTS_DIR}/InitialsImageView/InitialsImageView.framework",
				"${BUILT_PRODUCTS_DIR}/MessageInputBar/MessageInputBar.framework",
				"${BUILT_PRODUCTS_DIR}/MessageKit/MessageKit.framework",
			);
			name = "[CP] Embed Pods Frameworks";
			outputPaths = (
				"${TARGET_BUILD_DIR}/${FRAMEWORKS_FOLDER_PATH}/Fakery.framework",
				"${TARGET_BUILD_DIR}/${FRAMEWORKS_FOLDER_PATH}/InitialsImageView.framework",
				"${TARGET_BUILD_DIR}/${FRAMEWORKS_FOLDER_PATH}/MessageInputBar.framework",
				"${TARGET_BUILD_DIR}/${FRAMEWORKS_FOLDER_PATH}/MessageKit.framework",
			);
			runOnlyForDeploymentPostprocessing = 0;
			shellPath = /bin/sh;
			shellScript = "\"${SRCROOT}/Pods/Target Support Files/Pods-MessengerViper/Pods-MessengerViper-frameworks.sh\"\n";
			showEnvVarsInLog = 0;
		};
		E140876FA028549591A0C0B9 /* [CP] Check Pods Manifest.lock */ = {
			isa = PBXShellScriptBuildPhase;
			buildActionMask = 2147483647;
			files = (
			);
			inputPaths = (
				"${PODS_PODFILE_DIR_PATH}/Podfile.lock",
				"${PODS_ROOT}/Manifest.lock",
			);
			name = "[CP] Check Pods Manifest.lock";
			outputPaths = (
				"$(DERIVED_FILE_DIR)/Pods-MessengerViper-checkManifestLockResult.txt",
			);
			runOnlyForDeploymentPostprocessing = 0;
			shellPath = /bin/sh;
			shellScript = "diff \"${PODS_PODFILE_DIR_PATH}/Podfile.lock\" \"${PODS_ROOT}/Manifest.lock\" > /dev/null\nif [ $? != 0 ] ; then\n    # print error to STDERR\n    echo \"error: The sandbox is not in sync with the Podfile.lock. Run 'pod install' or update your CocoaPods installation.\" >&2\n    exit 1\nfi\n# This output is used by Xcode 'outputs' to avoid re-running this script phase.\necho \"SUCCESS\" > \"${SCRIPT_OUTPUT_FILE_0}\"\n";
			showEnvVarsInLog = 0;
		};
/* End PBXShellScriptBuildPhase section */

/* Begin PBXSourcesBuildPhase section */
		60614C0821CE6AB100549531 /* Sources */ = {
			isa = PBXSourcesBuildPhase;
			buildActionMask = 2147483647;
			files = (
				60614C5921CE711700549531 /* DialogsViewController.swift in Sources */,
				60614C5D21CE744C00549531 /* Dialog.swift in Sources */,
				60614C4221CE6CA900549531 /* Application.swift in Sources */,
				60614C5F21CE748600549531 /* DialogsPresenterProtocols.swift in Sources */,
				60614C6221CE753D00549531 /* DialogsViewProtocols.swift in Sources */,
				60614C6421CE912300549531 /* WeatherResponse.swift in Sources */,
				60614C5021CE709800549531 /* DialogsRouter.swift in Sources */,
				60614C1021CE6AB100549531 /* AppDelegate.swift in Sources */,
				60614C5421CE70B000549531 /* DialogsInteractor.swift in Sources */,
				60614C4621CE6E6D00549531 /* ModulesCoordinator.swift in Sources */,
				60614C5B21CE735C00549531 /* DialogsInteractorProtocols.swift in Sources */,
				60614C5221CE70A800549531 /* DialogsPresenter.swift in Sources */,
				60614C4E21CE707900549531 /* DialogsAssembly.swift in Sources */,
				8836B0D357E9F0E7FEB56582 /* ChatsAssembly.swift in Sources */,
				3A8ED2ACD364958A51622077 /* ChatsInteractor.swift in Sources */,
				32AB5E165D2E75E90AB538C7 /* ChatsInteractorProtocols.swift in Sources */,
				8BABC0685225407613C62F0E /* ChatsPresenter.swift in Sources */,
				DA0A30B1DB9001E8FE215045 /* ChatsPresenterProtocols.swift in Sources */,
				BA779DDBA8EBAFF50E00EDB4 /* ChatsRouter.swift in Sources */,
				5DE84816920983E20458D34B /* ChatsViewProtocols.swift in Sources */,
				71D08B9CE944B918E2004CFA /* ChatsViewController.swift in Sources */,
			);
			runOnlyForDeploymentPostprocessing = 0;
		};
		60614C1C21CE6AB200549531 /* Sources */ = {
			isa = PBXSourcesBuildPhase;
			buildActionMask = 2147483647;
			files = (
				60614C2521CE6AB200549531 /* MessengerViperTests.swift in Sources */,
			);
			runOnlyForDeploymentPostprocessing = 0;
		};
		60614C2721CE6AB200549531 /* Sources */ = {
			isa = PBXSourcesBuildPhase;
			buildActionMask = 2147483647;
			files = (
				60614C3021CE6AB200549531 /* MessengerViperUITests.swift in Sources */,
			);
			runOnlyForDeploymentPostprocessing = 0;
		};
/* End PBXSourcesBuildPhase section */

/* Begin PBXTargetDependency section */
		60614C2221CE6AB200549531 /* PBXTargetDependency */ = {
			isa = PBXTargetDependency;
			target = 60614C0B21CE6AB100549531 /* MessengerViper */;
			targetProxy = 60614C2121CE6AB200549531 /* PBXContainerItemProxy */;
		};
		60614C2D21CE6AB200549531 /* PBXTargetDependency */ = {
			isa = PBXTargetDependency;
			target = 60614C0B21CE6AB100549531 /* MessengerViper */;
			targetProxy = 60614C2C21CE6AB200549531 /* PBXContainerItemProxy */;
		};
/* End PBXTargetDependency section */

/* Begin PBXVariantGroup section */
		60614C1821CE6AB200549531 /* LaunchScreen.storyboard */ = {
			isa = PBXVariantGroup;
			children = (
				60614C1921CE6AB200549531 /* Base */,
			);
			name = LaunchScreen.storyboard;
			sourceTree = "<group>";
		};
/* End PBXVariantGroup section */

/* Begin XCBuildConfiguration section */
		60614C3221CE6AB200549531 /* Debug */ = {
			isa = XCBuildConfiguration;
			buildSettings = {
				ALWAYS_SEARCH_USER_PATHS = NO;
				CLANG_ANALYZER_NONNULL = YES;
				CLANG_ANALYZER_NUMBER_OBJECT_CONVERSION = YES_AGGRESSIVE;
				CLANG_CXX_LANGUAGE_STANDARD = "gnu++14";
				CLANG_CXX_LIBRARY = "libc++";
				CLANG_ENABLE_MODULES = YES;
				CLANG_ENABLE_OBJC_ARC = YES;
				CLANG_ENABLE_OBJC_WEAK = YES;
				CLANG_WARN_BLOCK_CAPTURE_AUTORELEASING = YES;
				CLANG_WARN_BOOL_CONVERSION = YES;
				CLANG_WARN_COMMA = YES;
				CLANG_WARN_CONSTANT_CONVERSION = YES;
				CLANG_WARN_DEPRECATED_OBJC_IMPLEMENTATIONS = YES;
				CLANG_WARN_DIRECT_OBJC_ISA_USAGE = YES_ERROR;
				CLANG_WARN_DOCUMENTATION_COMMENTS = YES;
				CLANG_WARN_EMPTY_BODY = YES;
				CLANG_WARN_ENUM_CONVERSION = YES;
				CLANG_WARN_INFINITE_RECURSION = YES;
				CLANG_WARN_INT_CONVERSION = YES;
				CLANG_WARN_NON_LITERAL_NULL_CONVERSION = YES;
				CLANG_WARN_OBJC_IMPLICIT_RETAIN_SELF = YES;
				CLANG_WARN_OBJC_LITERAL_CONVERSION = YES;
				CLANG_WARN_OBJC_ROOT_CLASS = YES_ERROR;
				CLANG_WARN_RANGE_LOOP_ANALYSIS = YES;
				CLANG_WARN_STRICT_PROTOTYPES = YES;
				CLANG_WARN_SUSPICIOUS_MOVE = YES;
				CLANG_WARN_UNGUARDED_AVAILABILITY = YES_AGGRESSIVE;
				CLANG_WARN_UNREACHABLE_CODE = YES;
				CLANG_WARN__DUPLICATE_METHOD_MATCH = YES;
				CODE_SIGN_IDENTITY = "iPhone Developer";
				COPY_PHASE_STRIP = NO;
				DEBUG_INFORMATION_FORMAT = dwarf;
				ENABLE_STRICT_OBJC_MSGSEND = YES;
				ENABLE_TESTABILITY = YES;
				GCC_C_LANGUAGE_STANDARD = gnu11;
				GCC_DYNAMIC_NO_PIC = NO;
				GCC_NO_COMMON_BLOCKS = YES;
				GCC_OPTIMIZATION_LEVEL = 0;
				GCC_PREPROCESSOR_DEFINITIONS = (
					"DEBUG=1",
					"$(inherited)",
				);
				GCC_WARN_64_TO_32_BIT_CONVERSION = YES;
				GCC_WARN_ABOUT_RETURN_TYPE = YES_ERROR;
				GCC_WARN_UNDECLARED_SELECTOR = YES;
				GCC_WARN_UNINITIALIZED_AUTOS = YES_AGGRESSIVE;
				GCC_WARN_UNUSED_FUNCTION = YES;
				GCC_WARN_UNUSED_VARIABLE = YES;
				IPHONEOS_DEPLOYMENT_TARGET = 12.1;
				MTL_ENABLE_DEBUG_INFO = INCLUDE_SOURCE;
				MTL_FAST_MATH = YES;
				ONLY_ACTIVE_ARCH = YES;
				SDKROOT = iphoneos;
				SWIFT_ACTIVE_COMPILATION_CONDITIONS = DEBUG;
				SWIFT_OPTIMIZATION_LEVEL = "-Onone";
			};
			name = Debug;
		};
		60614C3321CE6AB200549531 /* Release */ = {
			isa = XCBuildConfiguration;
			buildSettings = {
				ALWAYS_SEARCH_USER_PATHS = NO;
				CLANG_ANALYZER_NONNULL = YES;
				CLANG_ANALYZER_NUMBER_OBJECT_CONVERSION = YES_AGGRESSIVE;
				CLANG_CXX_LANGUAGE_STANDARD = "gnu++14";
				CLANG_CXX_LIBRARY = "libc++";
				CLANG_ENABLE_MODULES = YES;
				CLANG_ENABLE_OBJC_ARC = YES;
				CLANG_ENABLE_OBJC_WEAK = YES;
				CLANG_WARN_BLOCK_CAPTURE_AUTORELEASING = YES;
				CLANG_WARN_BOOL_CONVERSION = YES;
				CLANG_WARN_COMMA = YES;
				CLANG_WARN_CONSTANT_CONVERSION = YES;
				CLANG_WARN_DEPRECATED_OBJC_IMPLEMENTATIONS = YES;
				CLANG_WARN_DIRECT_OBJC_ISA_USAGE = YES_ERROR;
				CLANG_WARN_DOCUMENTATION_COMMENTS = YES;
				CLANG_WARN_EMPTY_BODY = YES;
				CLANG_WARN_ENUM_CONVERSION = YES;
				CLANG_WARN_INFINITE_RECURSION = YES;
				CLANG_WARN_INT_CONVERSION = YES;
				CLANG_WARN_NON_LITERAL_NULL_CONVERSION = YES;
				CLANG_WARN_OBJC_IMPLICIT_RETAIN_SELF = YES;
				CLANG_WARN_OBJC_LITERAL_CONVERSION = YES;
				CLANG_WARN_OBJC_ROOT_CLASS = YES_ERROR;
				CLANG_WARN_RANGE_LOOP_ANALYSIS = YES;
				CLANG_WARN_STRICT_PROTOTYPES = YES;
				CLANG_WARN_SUSPICIOUS_MOVE = YES;
				CLANG_WARN_UNGUARDED_AVAILABILITY = YES_AGGRESSIVE;
				CLANG_WARN_UNREACHABLE_CODE = YES;
				CLANG_WARN__DUPLICATE_METHOD_MATCH = YES;
				CODE_SIGN_IDENTITY = "iPhone Developer";
				COPY_PHASE_STRIP = NO;
				DEBUG_INFORMATION_FORMAT = "dwarf-with-dsym";
				ENABLE_NS_ASSERTIONS = NO;
				ENABLE_STRICT_OBJC_MSGSEND = YES;
				GCC_C_LANGUAGE_STANDARD = gnu11;
				GCC_NO_COMMON_BLOCKS = YES;
				GCC_WARN_64_TO_32_BIT_CONVERSION = YES;
				GCC_WARN_ABOUT_RETURN_TYPE = YES_ERROR;
				GCC_WARN_UNDECLARED_SELECTOR = YES;
				GCC_WARN_UNINITIALIZED_AUTOS = YES_AGGRESSIVE;
				GCC_WARN_UNUSED_FUNCTION = YES;
				GCC_WARN_UNUSED_VARIABLE = YES;
				IPHONEOS_DEPLOYMENT_TARGET = 12.1;
				MTL_ENABLE_DEBUG_INFO = NO;
				MTL_FAST_MATH = YES;
				SDKROOT = iphoneos;
				SWIFT_OPTIMIZATION_LEVEL = "-Owholemodule";
				VALIDATE_PRODUCT = YES;
			};
			name = Release;
		};
		60614C3521CE6AB200549531 /* Debug */ = {
			isa = XCBuildConfiguration;
			baseConfigurationReference = D0A54FFDC18288DB3FADEA88 /* Pods-MessengerViper.debug.xcconfig */;
			buildSettings = {
				ASSETCATALOG_COMPILER_APPICON_NAME = AppIcon;
				CODE_SIGN_STYLE = Automatic;
				DEVELOPMENT_TEAM = G8AA5PA5TS;
				INFOPLIST_FILE = MessengerViper/Info.plist;
				LD_RUNPATH_SEARCH_PATHS = "$(inherited) @executable_path/Frameworks";
				PRODUCT_BUNDLE_IDENTIFIER = "-.MessengerViper";
				PRODUCT_NAME = "$(TARGET_NAME)";
				SWIFT_VERSION = 4.2;
				TARGETED_DEVICE_FAMILY = "1,2";
			};
			name = Debug;
		};
		60614C3621CE6AB200549531 /* Release */ = {
			isa = XCBuildConfiguration;
			baseConfigurationReference = 562C8ED82E75CE2D8B2107B5 /* Pods-MessengerViper.release.xcconfig */;
			buildSettings = {
				ASSETCATALOG_COMPILER_APPICON_NAME = AppIcon;
				CODE_SIGN_STYLE = Automatic;
				DEVELOPMENT_TEAM = G8AA5PA5TS;
				INFOPLIST_FILE = MessengerViper/Info.plist;
				LD_RUNPATH_SEARCH_PATHS = "$(inherited) @executable_path/Frameworks";
				PRODUCT_BUNDLE_IDENTIFIER = "-.MessengerViper";
				PRODUCT_NAME = "$(TARGET_NAME)";
				SWIFT_VERSION = 4.2;
				TARGETED_DEVICE_FAMILY = "1,2";
			};
			name = Release;
		};
		60614C3821CE6AB200549531 /* Debug */ = {
			isa = XCBuildConfiguration;
			buildSettings = {
				ALWAYS_EMBED_SWIFT_STANDARD_LIBRARIES = YES;
				BUNDLE_LOADER = "$(TEST_HOST)";
				CODE_SIGN_STYLE = Automatic;
				INFOPLIST_FILE = MessengerViperTests/Info.plist;
				LD_RUNPATH_SEARCH_PATHS = "$(inherited) @executable_path/Frameworks @loader_path/Frameworks";
				PRODUCT_BUNDLE_IDENTIFIER = "-.MessengerViperTests";
				PRODUCT_NAME = "$(TARGET_NAME)";
				SWIFT_VERSION = 4.2;
				TARGETED_DEVICE_FAMILY = "1,2";
				TEST_HOST = "$(BUILT_PRODUCTS_DIR)/MessengerViper.app/MessengerViper";
			};
			name = Debug;
		};
		60614C3921CE6AB200549531 /* Release */ = {
			isa = XCBuildConfiguration;
			buildSettings = {
				ALWAYS_EMBED_SWIFT_STANDARD_LIBRARIES = YES;
				BUNDLE_LOADER = "$(TEST_HOST)";
				CODE_SIGN_STYLE = Automatic;
				INFOPLIST_FILE = MessengerViperTests/Info.plist;
				LD_RUNPATH_SEARCH_PATHS = "$(inherited) @executable_path/Frameworks @loader_path/Frameworks";
				PRODUCT_BUNDLE_IDENTIFIER = "-.MessengerViperTests";
				PRODUCT_NAME = "$(TARGET_NAME)";
				SWIFT_VERSION = 4.2;
				TARGETED_DEVICE_FAMILY = "1,2";
				TEST_HOST = "$(BUILT_PRODUCTS_DIR)/MessengerViper.app/MessengerViper";
			};
			name = Release;
		};
		60614C3B21CE6AB200549531 /* Debug */ = {
			isa = XCBuildConfiguration;
			buildSettings = {
				ALWAYS_EMBED_SWIFT_STANDARD_LIBRARIES = YES;
				CODE_SIGN_STYLE = Automatic;
				INFOPLIST_FILE = MessengerViperUITests/Info.plist;
				LD_RUNPATH_SEARCH_PATHS = "$(inherited) @executable_path/Frameworks @loader_path/Frameworks";
				PRODUCT_BUNDLE_IDENTIFIER = "-.MessengerViperUITests";
				PRODUCT_NAME = "$(TARGET_NAME)";
				SWIFT_VERSION = 4.2;
				TARGETED_DEVICE_FAMILY = "1,2";
				TEST_TARGET_NAME = MessengerViper;
			};
			name = Debug;
		};
		60614C3C21CE6AB200549531 /* Release */ = {
			isa = XCBuildConfiguration;
			buildSettings = {
				ALWAYS_EMBED_SWIFT_STANDARD_LIBRARIES = YES;
				CODE_SIGN_STYLE = Automatic;
				INFOPLIST_FILE = MessengerViperUITests/Info.plist;
				LD_RUNPATH_SEARCH_PATHS = "$(inherited) @executable_path/Frameworks @loader_path/Frameworks";
				PRODUCT_BUNDLE_IDENTIFIER = "-.MessengerViperUITests";
				PRODUCT_NAME = "$(TARGET_NAME)";
				SWIFT_VERSION = 4.2;
				TARGETED_DEVICE_FAMILY = "1,2";
				TEST_TARGET_NAME = MessengerViper;
			};
			name = Release;
		};
/* End XCBuildConfiguration section */

/* Begin XCConfigurationList section */
		60614C0721CE6AB100549531 /* Build configuration list for PBXProject "MessengerViper" */ = {
			isa = XCConfigurationList;
			buildConfigurations = (
				60614C3221CE6AB200549531 /* Debug */,
				60614C3321CE6AB200549531 /* Release */,
			);
			defaultConfigurationIsVisible = 0;
			defaultConfigurationName = Release;
		};
		60614C3421CE6AB200549531 /* Build configuration list for PBXNativeTarget "MessengerViper" */ = {
			isa = XCConfigurationList;
			buildConfigurations = (
				60614C3521CE6AB200549531 /* Debug */,
				60614C3621CE6AB200549531 /* Release */,
			);
			defaultConfigurationIsVisible = 0;
			defaultConfigurationName = Release;
		};
		60614C3721CE6AB200549531 /* Build configuration list for PBXNativeTarget "MessengerViperTests" */ = {
			isa = XCConfigurationList;
			buildConfigurations = (
				60614C3821CE6AB200549531 /* Debug */,
				60614C3921CE6AB200549531 /* Release */,
			);
			defaultConfigurationIsVisible = 0;
			defaultConfigurationName = Release;
		};
		60614C3A21CE6AB200549531 /* Build configuration list for PBXNativeTarget "MessengerViperUITests" */ = {
			isa = XCConfigurationList;
			buildConfigurations = (
				60614C3B21CE6AB200549531 /* Debug */,
				60614C3C21CE6AB200549531 /* Release */,
			);
			defaultConfigurationIsVisible = 0;
			defaultConfigurationName = Release;
		};
/* End XCConfigurationList section */
	};
	rootObject = 60614C0421CE6AB100549531 /* Project object */;
}
